{
  "name": "baseball_js",
  "version": "1.0.0",
  "lockfileVersion": 1,
  "requires": true,
  "dependencies": {
    "@types/nightmare": {
      "version": "2.10.4",
      "resolved": "https://registry.npmjs.org/@types/nightmare/-/nightmare-2.10.4.tgz",
      "integrity": "sha512-G7wcaXQ4LOTglVnNBylEZO13GH7+4SGxjCSV7/tm3Ae20tkJ3zCKdqYEP81ojP4TlqGXS03kxcvr14rvqxxC6A==",
      "requires": {
        "@types/node": "*"
      },
      "dependencies": {
        "@types/node": {
          "version": "14.0.14",
          "resolved": "https://registry.npmjs.org/@types/node/-/node-14.0.14.tgz",
          "integrity": "sha512-syUgf67ZQpaJj01/tRTknkMNoBBLWJOBODF0Zm4NrXmiSuxjymFrxnTu1QVYRubhVkRcZLYZG8STTwJRdVm/WQ=="
        }
      }
    }
  }
}
